
Microsoft Visual Studio Solution File, Format Version 12.00
# Visual Studio 2017
Project("{FAE04EC0-301F-11D3-BF4B-00C04F79EFBC}") = "5.6Test", "5.6Test.csproj", "{3D4129E1-3C0D-4722-FEB7-07FDAD10FCE4}"
EndProject
Project("{FAE04EC0-301F-11D3-BF4B-00C04F79EFBC}") = "5.6Test.Editor", "5.6Test.Editor.csproj", "{8B5CC7D0-8530-8287-315B-0E59080A8192}"
EndProject
Global
	GlobalSection(SolutionConfigurationPlatforms) = preSolution
		Debug|Any CPU = Debug|Any CPU
		Release|Any CPU = Release|Any CPU
	EndGlobalSection
	GlobalSection(ProjectConfigurationPlatforms) = postSolution
		{3D4129E1-3C0D-4722-FEB7-07FDAD10FCE4}.Debug|Any CPU.ActiveCfg = Debug|Any CPU
		{3D4129E1-3C0D-4722-FEB7-07FDAD10FCE4}.Debug|Any CPU.Build.0 = Debug|Any CPU
		{3D4129E1-3C0D-4722-FEB7-07FDAD10FCE4}.Release|Any CPU.ActiveCfg = Release|Any CPU
		{3D4129E1-3C0D-4722-FEB7-07FDAD10FCE4}.Release|Any CPU.Build.0 = Release|Any CPU
		{8B5CC7D0-8530-8287-315B-0E59080A8192}.Debug|Any CPU.ActiveCfg = Debug|Any CPU
		{8B5CC7D0-8530-8287-315B-0E59080A8192}.Debug|Any CPU.Build.0 = Debug|Any CPU
		{8B5CC7D0-8530-8287-315B-0E59080A8192}.Release|Any CPU.ActiveCfg = Release|Any CPU
		{8B5CC7D0-8530-8287-315B-0E59080A8192}.Release|Any CPU.Build.0 = Release|Any CPU
	EndGlobalSection
	GlobalSection(SolutionProperties) = preSolution
		HideSolutionNode = FALSE
	EndGlobalSection
EndGlobal
